
Microsoft Visual Studio Solution File, Format Version 12.00
# Visual Studio Version 17
VisualStudioVersion = 17.7.34018.315
MinimumVisualStudioVersion = 10.0.40219.1
Project("{8BC9CEB8-8B4A-11D0-8D11-00A0C91BC942}") = "Server", "Server\Server.vcxproj", "{86D0A870-030D-42D2-8B9E-40EC6885383E}"
EndProject
Project("{8BC9CEB8-8B4A-11D0-8D11-00A0C91BC942}") = "Client", "Client\Client.vcxproj", "{06B1228A-E7AF-4BE4-BDB2-300384ED44C5}"
EndProject
Project("{8BC9CEB8-8B4A-11D0-8D11-00A0C91BC942}") = "WindowsProject1", "WindowsProject1\WindowsProject1.vcxproj", "{3D818818-ABA8-4CD6-9378-02E31D1FF394}"
EndProject
Global
	GlobalSection(SolutionConfigurationPlatforms) = preSolution
		Debug|x64 = Debug|x64
		Debug|x86 = Debug|x86
		Release|x64 = Release|x64
		Release|x86 = Release|x86
	EndGlobalSection
	GlobalSection(ProjectConfigurationPlatforms) = postSolution
		{86D0A870-030D-42D2-8B9E-40EC6885383E}.Debug|x64.ActiveCfg = Debug|x64
		{86D0A870-030D-42D2-8B9E-40EC6885383E}.Debug|x64.Build.0 = Debug|x64
		{86D0A870-030D-42D2-8B9E-40EC6885383E}.Debug|x86.ActiveCfg = Debug|Win32
		{86D0A870-030D-42D2-8B9E-40EC6885383E}.Debug|x86.Build.0 = Debug|Win32
		{86D0A870-030D-42D2-8B9E-40EC6885383E}.Release|x64.ActiveCfg = Release|x64
		{86D0A870-030D-42D2-8B9E-40EC6885383E}.Release|x64.Build.0 = Release|x64
		{86D0A870-030D-42D2-8B9E-40EC6885383E}.Release|x86.ActiveCfg = Release|Win32
		{86D0A870-030D-42D2-8B9E-40EC6885383E}.Release|x86.Build.0 = Release|Win32
		{06B1228A-E7AF-4BE4-BDB2-300384ED44C5}.Debug|x64.ActiveCfg = Debug|x64
		{06B1228A-E7AF-4BE4-BDB2-300384ED44C5}.Debug|x64.Build.0 = Debug|x64
		{06B1228A-E7AF-4BE4-BDB2-300384ED44C5}.Debug|x86.ActiveCfg = Debug|Win32
		{06B1228A-E7AF-4BE4-BDB2-300384ED44C5}.Debug|x86.Build.0 = Debug|Win32
		{06B1228A-E7AF-4BE4-BDB2-300384ED44C5}.Release|x64.ActiveCfg = Release|x64
		{06B1228A-E7AF-4BE4-BDB2-300384ED44C5}.Release|x64.Build.0 = Release|x64
		{06B1228A-E7AF-4BE4-BDB2-300384ED44C5}.Release|x86.ActiveCfg = Release|Win32
		{06B1228A-E7AF-4BE4-BDB2-300384ED44C5}.Release|x86.Build.0 = Release|Win32
		{3D818818-ABA8-4CD6-9378-02E31D1FF394}.Debug|x64.ActiveCfg = Debug|x64
		{3D818818-ABA8-4CD6-9378-02E31D1FF394}.Debug|x64.Build.0 = Debug|x64
		{3D818818-ABA8-4CD6-9378-02E31D1FF394}.Debug|x86.ActiveCfg = Debug|Win32
		{3D818818-ABA8-4CD6-9378-02E31D1FF394}.Debug|x86.Build.0 = Debug|Win32
		{3D818818-ABA8-4CD6-9378-02E31D1FF394}.Release|x64.ActiveCfg = Release|x64
		{3D818818-ABA8-4CD6-9378-02E31D1FF394}.Release|x64.Build.0 = Release|x64
		{3D818818-ABA8-4CD6-9378-02E31D1FF394}.Release|x86.ActiveCfg = Release|Win32
		{3D818818-ABA8-4CD6-9378-02E31D1FF394}.Release|x86.Build.0 = Release|Win32
	EndGlobalSection
	GlobalSection(SolutionProperties) = preSolution
		HideSolutionNode = FALSE
	EndGlobalSection
	GlobalSection(ExtensibilityGlobals) = postSolution
		SolutionGuid = {3AA4D7F9-AA99-444D-A938-60B2BD889E9B}
	EndGlobalSection
EndGlobal
